
Microsoft Visual Studio Solution File, Format Version 12.00
# Visual Studio Version 17
VisualStudioVersion = 17.9.34728.123
MinimumVisualStudioVersion = 10.0.40219.1
Project("{FAE04EC0-301F-11D3-BF4B-00C04F79EFBC}") = "Touhou_Mystia_Izakaya", "Mystia\Touhou_Mystia_Izakaya.csproj", "{27D12085-F82B-4323-8EA1-0CF4EE177F38}"
EndProject
Project("{FAE04EC0-301F-11D3-BF4B-00C04F79EFBC}") = "FrontendCashier", "FrontendCashier\FrontendCashier.csproj", "{7153435B-B483-45D4-88BA-E6B8C24051DA}"
EndProject
Project("{FAE04EC0-301F-11D3-BF4B-00C04F79EFBC}") = "RecipeDatabase", "RecipeDatabase\RecipeDatabase.csproj", "{A4DD45C0-702A-4BD5-AC82-97489400A987}"
EndProject
Project("{FAE04EC0-301F-11D3-BF4B-00C04F79EFBC}") = "ClassAndInstance", "ClassAndInstance\ClassAndInstance.csproj", "{27E1C149-DEEF-41FF-9F8B-BC8B95085B1C}"
EndProject
Project("{FAE04EC0-301F-11D3-BF4B-00C04F79EFBC}") = "ReferenceVariableAndInstance", "ReferenceVariableAndInstance\ReferenceVariableAndInstance.csproj", "{9B493CEE-25F1-48BB-9F69-355E1F775232}"
EndProject
Project("{FAE04EC0-301F-11D3-BF4B-00C04F79EFBC}") = "HanNuoTa", "HanNuoTa\HanNuoTa.csproj", "{3EB1AA43-2533-4BA4-82F7-6EB12E228777}"
EndProject
Project("{FAE04EC0-301F-11D3-BF4B-00C04F79EFBC}") = "TypeSample", "TypeSample\TypeSample.csproj", "{C874EDD4-AB7B-4A04-8B3C-0CD326EC4398}"
EndProject
Project("{FAE04EC0-301F-11D3-BF4B-00C04F79EFBC}") = "NightSparrowCanteen", "NightSparrowCanteen\NightSparrowCanteen.csproj", "{CC9CC319-3E5B-463F-AF8D-C44A39C803EE}"
EndProject
Project("{FAE04EC0-301F-11D3-BF4B-00C04F79EFBC}") = "Method", "Method\Method.csproj", "{A2B783D9-72F9-42D2-9093-01EDBB819C92}"
EndProject
Project("{FAE04EC0-301F-11D3-BF4B-00C04F79EFBC}") = "Operator", "Operator\Operator.csproj", "{D44C99E6-8FF8-462B-B8F8-65B746FECEA4}"
EndProject
Project("{FAE04EC0-301F-11D3-BF4B-00C04F79EFBC}") = "Statement", "Statement\Statement.csproj", "{37106B37-F9CE-49F6-BC82-D520EB9EABCC}"
EndProject
Project("{FAE04EC0-301F-11D3-BF4B-00C04F79EFBC}") = "NightSparrowCanteen_2", "NightSparrowCanteen_2\NightSparrowCanteen_2.csproj", "{D7994801-60C5-4C27-A790-E873AC599DCE}"
EndProject
Project("{FAE04EC0-301F-11D3-BF4B-00C04F79EFBC}") = "params", "params\params.csproj", "{926B9EE4-DB98-4A0C-B1BC-404984CC95C2}"
EndProject
Project("{FAE04EC0-301F-11D3-BF4B-00C04F79EFBC}") = "Delegate", "Delegate\Delegate.csproj", "{16158D15-9213-46CD-A1D2-0C8981C45094}"
EndProject
Global
	GlobalSection(SolutionConfigurationPlatforms) = preSolution
		Debug|Any CPU = Debug|Any CPU
		Release|Any CPU = Release|Any CPU
	EndGlobalSection
	GlobalSection(ProjectConfigurationPlatforms) = postSolution
		{27D12085-F82B-4323-8EA1-0CF4EE177F38}.Debug|Any CPU.ActiveCfg = Debug|Any CPU
		{27D12085-F82B-4323-8EA1-0CF4EE177F38}.Debug|Any CPU.Build.0 = Debug|Any CPU
		{27D12085-F82B-4323-8EA1-0CF4EE177F38}.Release|Any CPU.ActiveCfg = Release|Any CPU
		{27D12085-F82B-4323-8EA1-0CF4EE177F38}.Release|Any CPU.Build.0 = Release|Any CPU
		{7153435B-B483-45D4-88BA-E6B8C24051DA}.Debug|Any CPU.ActiveCfg = Debug|Any CPU
		{7153435B-B483-45D4-88BA-E6B8C24051DA}.Debug|Any CPU.Build.0 = Debug|Any CPU
		{7153435B-B483-45D4-88BA-E6B8C24051DA}.Release|Any CPU.ActiveCfg = Release|Any CPU
		{7153435B-B483-45D4-88BA-E6B8C24051DA}.Release|Any CPU.Build.0 = Release|Any CPU
		{A4DD45C0-702A-4BD5-AC82-97489400A987}.Debug|Any CPU.ActiveCfg = Debug|Any CPU
		{A4DD45C0-702A-4BD5-AC82-97489400A987}.Debug|Any CPU.Build.0 = Debug|Any CPU
		{A4DD45C0-702A-4BD5-AC82-97489400A987}.Release|Any CPU.ActiveCfg = Release|Any CPU
		{A4DD45C0-702A-4BD5-AC82-97489400A987}.Release|Any CPU.Build.0 = Release|Any CPU
		{27E1C149-DEEF-41FF-9F8B-BC8B95085B1C}.Debug|Any CPU.ActiveCfg = Debug|Any CPU
		{27E1C149-DEEF-41FF-9F8B-BC8B95085B1C}.Debug|Any CPU.Build.0 = Debug|Any CPU
		{27E1C149-DEEF-41FF-9F8B-BC8B95085B1C}.Release|Any CPU.ActiveCfg = Release|Any CPU
		{27E1C149-DEEF-41FF-9F8B-BC8B95085B1C}.Release|Any CPU.Build.0 = Release|Any CPU
		{9B493CEE-25F1-48BB-9F69-355E1F775232}.Debug|Any CPU.ActiveCfg = Debug|Any CPU
		{9B493CEE-25F1-48BB-9F69-355E1F775232}.Debug|Any CPU.Build.0 = Debug|Any CPU
		{9B493CEE-25F1-48BB-9F69-355E1F775232}.Release|Any CPU.ActiveCfg = Release|Any CPU
		{9B493CEE-25F1-48BB-9F69-355E1F775232}.Release|Any CPU.Build.0 = Release|Any CPU
		{3EB1AA43-2533-4BA4-82F7-6EB12E228777}.Debug|Any CPU.ActiveCfg = Debug|Any CPU
		{3EB1AA43-2533-4BA4-82F7-6EB12E228777}.Debug|Any CPU.Build.0 = Debug|Any CPU
		{3EB1AA43-2533-4BA4-82F7-6EB12E228777}.Release|Any CPU.ActiveCfg = Release|Any CPU
		{3EB1AA43-2533-4BA4-82F7-6EB12E228777}.Release|Any CPU.Build.0 = Release|Any CPU
		{C874EDD4-AB7B-4A04-8B3C-0CD326EC4398}.Debug|Any CPU.ActiveCfg = Debug|Any CPU
		{C874EDD4-AB7B-4A04-8B3C-0CD326EC4398}.Debug|Any CPU.Build.0 = Debug|Any CPU
		{C874EDD4-AB7B-4A04-8B3C-0CD326EC4398}.Release|Any CPU.ActiveCfg = Release|Any CPU
		{C874EDD4-AB7B-4A04-8B3C-0CD326EC4398}.Release|Any CPU.Build.0 = Release|Any CPU
		{CC9CC319-3E5B-463F-AF8D-C44A39C803EE}.Debug|Any CPU.ActiveCfg = Debug|Any CPU
		{CC9CC319-3E5B-463F-AF8D-C44A39C803EE}.Debug|Any CPU.Build.0 = Debug|Any CPU
		{CC9CC319-3E5B-463F-AF8D-C44A39C803EE}.Release|Any CPU.ActiveCfg = Release|Any CPU
		{CC9CC319-3E5B-463F-AF8D-C44A39C803EE}.Release|Any CPU.Build.0 = Release|Any CPU
		{A2B783D9-72F9-42D2-9093-01EDBB819C92}.Debug|Any CPU.ActiveCfg = Debug|Any CPU
		{A2B783D9-72F9-42D2-9093-01EDBB819C92}.Debug|Any CPU.Build.0 = Debug|Any CPU
		{A2B783D9-72F9-42D2-9093-01EDBB819C92}.Release|Any CPU.ActiveCfg = Release|Any CPU
		{A2B783D9-72F9-42D2-9093-01EDBB819C92}.Release|Any CPU.Build.0 = Release|Any CPU
		{D44C99E6-8FF8-462B-B8F8-65B746FECEA4}.Debug|Any CPU.ActiveCfg = Debug|Any CPU
		{D44C99E6-8FF8-462B-B8F8-65B746FECEA4}.Debug|Any CPU.Build.0 = Debug|Any CPU
		{D44C99E6-8FF8-462B-B8F8-65B746FECEA4}.Release|Any CPU.ActiveCfg = Release|Any CPU
		{D44C99E6-8FF8-462B-B8F8-65B746FECEA4}.Release|Any CPU.Build.0 = Release|Any CPU
		{37106B37-F9CE-49F6-BC82-D520EB9EABCC}.Debug|Any CPU.ActiveCfg = Debug|Any CPU
		{37106B37-F9CE-49F6-BC82-D520EB9EABCC}.Debug|Any CPU.Build.0 = Debug|Any CPU
		{37106B37-F9CE-49F6-BC82-D520EB9EABCC}.Release|Any CPU.ActiveCfg = Release|Any CPU
		{37106B37-F9CE-49F6-BC82-D520EB9EABCC}.Release|Any CPU.Build.0 = Release|Any CPU
		{D7994801-60C5-4C27-A790-E873AC599DCE}.Debug|Any CPU.ActiveCfg = Debug|Any CPU
		{D7994801-60C5-4C27-A790-E873AC599DCE}.Debug|Any CPU.Build.0 = Debug|Any CPU
		{D7994801-60C5-4C27-A790-E873AC599DCE}.Release|Any CPU.ActiveCfg = Release|Any CPU
		{D7994801-60C5-4C27-A790-E873AC599DCE}.Release|Any CPU.Build.0 = Release|Any CPU
		{926B9EE4-DB98-4A0C-B1BC-404984CC95C2}.Debug|Any CPU.ActiveCfg = Debug|Any CPU
		{926B9EE4-DB98-4A0C-B1BC-404984CC95C2}.Debug|Any CPU.Build.0 = Debug|Any CPU
		{926B9EE4-DB98-4A0C-B1BC-404984CC95C2}.Release|Any CPU.ActiveCfg = Release|Any CPU
		{926B9EE4-DB98-4A0C-B1BC-404984CC95C2}.Release|Any CPU.Build.0 = Release|Any CPU
		{16158D15-9213-46CD-A1D2-0C8981C45094}.Debug|Any CPU.ActiveCfg = Debug|Any CPU
		{16158D15-9213-46CD-A1D2-0C8981C45094}.Debug|Any CPU.Build.0 = Debug|Any CPU
		{16158D15-9213-46CD-A1D2-0C8981C45094}.Release|Any CPU.ActiveCfg = Release|Any CPU
		{16158D15-9213-46CD-A1D2-0C8981C45094}.Release|Any CPU.Build.0 = Release|Any CPU
	EndGlobalSection
	GlobalSection(SolutionProperties) = preSolution
		HideSolutionNode = FALSE
	EndGlobalSection
	GlobalSection(ExtensibilityGlobals) = postSolution
		SolutionGuid = {D123897F-5098-4628-8A0A-D1D2973F7F66}
	EndGlobalSection
EndGlobal
